// !$*UTF8*$!
{
	archiveVersion = 1;
	classes = {
	};
	objectVersion = 55;
	objects = {

/* Begin PBXBuildFile section */
		BD099321287D7E5C00A60A5C /* khrplatform.h in Headers */ = {isa = PBXBuildFile; fileRef = BD099319287D7E5C00A60A5C /* khrplatform.h */; };
		BD099322287D7E5C00A60A5C /* glad.h in Headers */ = {isa = PBXBuildFile; fileRef = BD09931B287D7E5C00A60A5C /* glad.h */; };
		BD099323287D7E5C00A60A5C /* glad.c in Sources */ = {isa = PBXBuildFile; fileRef = BD099320287D7E5C00A60A5C /* glad.c */; };
/* End PBXBuildFile section */

/* Begin PBXFileReference section */
		BD09930F287D7DFD00A60A5C /* libGlad.a */ = {isa = PBXFileReference; explicitFileType = archive.ar; includeInIndex = 0; path = libGlad.a; sourceTree = BUILT_PRODUCTS_DIR; };
		BD099319287D7E5C00A60A5C /* khrplatform.h */ = {isa = PBXFileReference; fileEncoding = 4; lastKnownFileType = sourcecode.c.h; path = khrplatform.h; sourceTree = "<group>"; };
		BD09931B287D7E5C00A60A5C /* glad.h */ = {isa = PBXFileReference; fileEncoding = 4; lastKnownFileType = sourcecode.c.h; path = glad.h; sourceTree = "<group>"; };
		BD099320287D7E5C00A60A5C /* glad.c */ = {isa = PBXFileReference; fileEncoding = 4; lastKnownFileType = sourcecode.c.c; path = glad.c; sourceTree = "<group>"; };
/* End PBXFileReference section */

/* Begin PBXFrameworksBuildPhase section */
		BD09930D287D7DFD00A60A5C /* Frameworks */ = {
			isa = PBXFrameworksBuildPhase;
			buildActionMask = 2147483647;
			files = (
			);
			runOnlyForDeploymentPostprocessing = 0;
		};
/* End PBXFrameworksBuildPhase section */

/* Begin PBXGroup section */
		BD099306287D7DFD00A60A5C = {
			isa = PBXGroup;
			children = (
				BD099316287D7E5C00A60A5C /* glad */,
				BD099310287D7DFD00A60A5C /* Products */,
			);
			sourceTree = "<group>";
		};
		BD099310287D7DFD00A60A5C /* Products */ = {
			isa = PBXGroup;
			children = (
				BD09930F287D7DFD00A60A5C /* libGlad.a */,
			);
			name = Products;
			sourceTree = "<group>";
		};
		BD099316287D7E5C00A60A5C /* glad */ = {
			isa = PBXGroup;
			children = (
				BD099317287D7E5C00A60A5C /* include */,
				BD09931F287D7E5C00A60A5C /* src */,
			);
			path = glad;
			sourceTree = "<group>";
		};
		BD099317287D7E5C00A60A5C /* include */ = {
			isa = PBXGroup;
			children = (
				BD099318287D7E5C00A60A5C /* KHR */,
				BD09931A287D7E5C00A60A5C /* glad */,
			);
			path = include;
			sourceTree = "<group>";
		};
		BD099318287D7E5C00A60A5C /* KHR */ = {
			isa = PBXGroup;
			children = (
				BD099319287D7E5C00A60A5C /* khrplatform.h */,
			);
			path = KHR;
			sourceTree = "<group>";
		};
		BD09931A287D7E5C00A60A5C /* glad */ = {
			isa = PBXGroup;
			children = (
				BD09931B287D7E5C00A60A5C /* glad.h */,
			);
			path = glad;
			sourceTree = "<group>";
		};
		BD09931F287D7E5C00A60A5C /* src */ = {
			isa = PBXGroup;
			children = (
				BD099320287D7E5C00A60A5C /* glad.c */,
			);
			path = src;
			sourceTree = "<group>";
		};
/* End PBXGroup section */

/* Begin PBXHeadersBuildPhase section */
		BD09930B287D7DFD00A60A5C /* Headers */ = {
			isa = PBXHeadersBuildPhase;
			buildActionMask = 2147483647;
			files = (
				BD099322287D7E5C00A60A5C /* glad.h in Headers */,
				BD099321287D7E5C00A60A5C /* khrplatform.h in Headers */,
			);
			runOnlyForDeploymentPostprocessing = 0;
		};
/* End PBXHeadersBuildPhase section */

/* Begin PBXNativeTarget section */
		BD09930E287D7DFD00A60A5C /* Glad */ = {
			isa = PBXNativeTarget;
			buildConfigurationList = BD099313287D7DFD00A60A5C /* Build configuration list for PBXNativeTarget "Glad" */;
			buildPhases = (
				BD09930B287D7DFD00A60A5C /* Headers */,
				BD09930C287D7DFD00A60A5C /* Sources */,
				BD09930D287D7DFD00A60A5C /* Frameworks */,
			);
			buildRules = (
			);
			dependencies = (
			);
			name = Glad;
			productName = Glad;
			productReference = BD09930F287D7DFD00A60A5C /* libGlad.a */;
			productType = "com.apple.product-type.library.static";
		};
/* End PBXNativeTarget section */

/* Begin PBXProject section */
		BD099307287D7DFD00A60A5C /* Project object */ = {
			isa = PBXProject;
			attributes = {
				BuildIndependentTargetsInParallel = 1;
				LastUpgradeCheck = 1340;
				TargetAttributes = {
					BD09930E287D7DFD00A60A5C = {
						CreatedOnToolsVersion = 13.4;
					};
				};
			};
			buildConfigurationList = BD09930A287D7DFD00A60A5C /* Build configuration list for PBXProject "Glad" */;
			compatibilityVersion = "Xcode 13.0";
			developmentRegion = en;
			hasScannedForEncodings = 0;
			knownRegions = (
				en,
				Base,
			);
			mainGroup = BD099306287D7DFD00A60A5C;
			productRefGroup = BD099310287D7DFD00A60A5C /* Products */;
			projectDirPath = "";
			projectRoot = "";
			targets = (
				BD09930E287D7DFD00A60A5C /* Glad */,
			);
		};
/* End PBXProject section */

/* Begin PBXSourcesBuildPhase section */
		BD09930C287D7DFD00A60A5C /* Sources */ = {
			isa = PBXSourcesBuildPhase;
			buildActionMask = 2147483647;
			files = (
				BD099323287D7E5C00A60A5C /* glad.c in Sources */,
			);
			runOnlyForDeploymentPostprocessing = 0;
		};
/* End PBXSourcesBuildPhase section */

/* Begin XCBuildConfiguration section */
		BD099311287D7DFD00A60A5C /* Debug */ = {
			isa = XCBuildConfiguration;
			buildSettings = {
				ALWAYS_SEARCH_USER_PATHS = NO;
				CLANG_ANALYZER_NONNULL = YES;
				CLANG_ANALYZER_NUMBER_OBJECT_CONVERSION = YES_AGGRESSIVE;
				CLANG_CXX_LANGUAGE_STANDARD = "gnu++17";
				CLANG_ENABLE_MODULES = YES;
				CLANG_ENABLE_OBJC_ARC = YES;
				CLANG_ENABLE_OBJC_WEAK = YES;
				CLANG_WARN_BLOCK_CAPTURE_AUTORELEASING = YES;
				CLANG_WARN_BOOL_CONVERSION = YES;
				CLANG_WARN_COMMA = YES;
				CLANG_WARN_CONSTANT_CONVERSION = YES;
				CLANG_WARN_DEPRECATED_OBJC_IMPLEMENTATIONS = YES;
				CLANG_WARN_DIRECT_OBJC_ISA_USAGE = YES_ERROR;
				CLANG_WARN_DOCUMENTATION_COMMENTS = YES;
				CLANG_WARN_EMPTY_BODY = YES;
				CLANG_WARN_ENUM_CONVERSION = YES;
				CLANG_WARN_INFINITE_RECURSION = YES;
				CLANG_WARN_INT_CONVERSION = YES;
				CLANG_WARN_NON_LITERAL_NULL_CONVERSION = YES;
				CLANG_WARN_OBJC_IMPLICIT_RETAIN_SELF = YES;
				CLANG_WARN_OBJC_LITERAL_CONVERSION = YES;
				CLANG_WARN_OBJC_ROOT_CLASS = YES_ERROR;
				CLANG_WARN_QUOTED_INCLUDE_IN_FRAMEWORK_HEADER = YES;
				CLANG_WARN_RANGE_LOOP_ANALYSIS = YES;
				CLANG_WARN_STRICT_PROTOTYPES = YES;
				CLANG_WARN_SUSPICIOUS_MOVE = YES;
				CLANG_WARN_UNGUARDED_AVAILABILITY = YES_AGGRESSIVE;
				CLANG_WARN_UNREACHABLE_CODE = YES;
				CLANG_WARN__DUPLICATE_METHOD_MATCH = YES;
				COPY_PHASE_STRIP = NO;
				DEBUG_INFORMATION_FORMAT = dwarf;
				ENABLE_STRICT_OBJC_MSGSEND = YES;
				ENABLE_TESTABILITY = YES;
				GCC_C_LANGUAGE_STANDARD = gnu11;
				GCC_DYNAMIC_NO_PIC = NO;
				GCC_NO_COMMON_BLOCKS = NO;
				GCC_OPTIMIZATION_LEVEL = 0;
				GCC_PREPROCESSOR_DEFINITIONS = (
					"DEBUG=1",
					"$(inherited)",
				);
				GCC_WARN_64_TO_32_BIT_CONVERSION = YES;
				GCC_WARN_ABOUT_RETURN_TYPE = YES_ERROR;
				GCC_WARN_UNDECLARED_SELECTOR = YES;
				GCC_WARN_UNINITIALIZED_AUTOS = YES_AGGRESSIVE;
				GCC_WARN_UNUSED_FUNCTION = YES;
				GCC_WARN_UNUSED_VARIABLE = YES;
				MACOSX_DEPLOYMENT_TARGET = 12.3;
				MTL_ENABLE_DEBUG_INFO = INCLUDE_SOURCE;
				MTL_FAST_MATH = YES;
				ONLY_ACTIVE_ARCH = YES;
				SDKROOT = macosx;
			};
			name = Debug;
		};
		BD099312287D7DFD00A60A5C /* Release */ = {
			isa = XCBuildConfiguration;
			buildSettings = {
				ALWAYS_SEARCH_USER_PATHS = NO;
				CLANG_ANALYZER_NONNULL = YES;
				CLANG_ANALYZER_NUMBER_OBJECT_CONVERSION = YES_AGGRESSIVE;
				CLANG_CXX_LANGUAGE_STANDARD = "gnu++17";
				CLANG_ENABLE_MODULES = YES;
				CLANG_ENABLE_OBJC_ARC = YES;
				CLANG_ENABLE_OBJC_WEAK = YES;
				CLANG_WARN_BLOCK_CAPTURE_AUTORELEASING = YES;
				CLANG_WARN_BOOL_CONVERSION = YES;
				CLANG_WARN_COMMA = YES;
				CLANG_WARN_CONSTANT_CONVERSION = YES;
				CLANG_WARN_DEPRECATED_OBJC_IMPLEMENTATIONS = YES;
				CLANG_WARN_DIRECT_OBJC_ISA_USAGE = YES_ERROR;
				CLANG_WARN_DOCUMENTATION_COMMENTS = YES;
				CLANG_WARN_EMPTY_BODY = YES;
				CLANG_WARN_ENUM_CONVERSION = YES;
				CLANG_WARN_INFINITE_RECURSION = YES;
				CLANG_WARN_INT_CONVERSION = YES;
				CLANG_WARN_NON_LITERAL_NULL_CONVERSION = YES;
				CLANG_WARN_OBJC_IMPLICIT_RETAIN_SELF = YES;
				CLANG_WARN_OBJC_LITERAL_CONVERSION = YES;
				CLANG_WARN_OBJC_ROOT_CLASS = YES_ERROR;
				CLANG_WARN_QUOTED_INCLUDE_IN_FRAMEWORK_HEADER = YES;
				CLANG_WARN_RANGE_LOOP_ANALYSIS = YES;
				CLANG_WARN_STRICT_PROTOTYPES = YES;
				CLANG_WARN_SUSPICIOUS_MOVE = YES;
				CLANG_WARN_UNGUARDED_AVAILABILITY = YES_AGGRESSIVE;
				CLANG_WARN_UNREACHABLE_CODE = YES;
				CLANG_WARN__DUPLICATE_METHOD_MATCH = YES;
				COPY_PHASE_STRIP = NO;
				DEBUG_INFORMATION_FORMAT = "dwarf-with-dsym";
				ENABLE_NS_ASSERTIONS = NO;
				ENABLE_STRICT_OBJC_MSGSEND = YES;
				GCC_C_LANGUAGE_STANDARD = gnu11;
				GCC_NO_COMMON_BLOCKS = NO;
				GCC_WARN_64_TO_32_BIT_CONVERSION = YES;
				GCC_WARN_ABOUT_RETURN_TYPE = YES_ERROR;
				GCC_WARN_UNDECLARED_SELECTOR = YES;
				GCC_WARN_UNINITIALIZED_AUTOS = YES_AGGRESSIVE;
				GCC_WARN_UNUSED_FUNCTION = YES;
				GCC_WARN_UNUSED_VARIABLE = YES;
				MACOSX_DEPLOYMENT_TARGET = 12.3;
				MTL_ENABLE_DEBUG_INFO = NO;
				MTL_FAST_MATH = YES;
				SDKROOT = macosx;
			};
			name = Release;
		};
		BD099314287D7DFD00A60A5C /* Debug */ = {
			isa = XCBuildConfiguration;
			buildSettings = {
				CODE_SIGN_STYLE = Automatic;
				DEVELOPMENT_TEAM = 9SZ6ZLYFC3;
				EXECUTABLE_PREFIX = lib;
				GCC_NO_COMMON_BLOCKS = NO;
				HEADER_SEARCH_PATHS = glad/include;
				PRODUCT_NAME = "$(TARGET_NAME)";
				SKIP_INSTALL = YES;
			};
			name = Debug;
		};
		BD099315287D7DFD00A60A5C /* Release */ = {
			isa = XCBuildConfiguration;
			buildSettings = {
				CODE_SIGN_STYLE = Automatic;
				DEVELOPMENT_TEAM = 9SZ6ZLYFC3;
				EXECUTABLE_PREFIX = lib;
				GCC_NO_COMMON_BLOCKS = NO;
				HEADER_SEARCH_PATHS = glad/include;
				PRODUCT_NAME = "$(TARGET_NAME)";
				SKIP_INSTALL = YES;
			};
			name = Release;
		};
/* End XCBuildConfiguration section */

/* Begin XCConfigurationList section */
		BD09930A287D7DFD00A60A5C /* Build configuration list for PBXProject "Glad" */ = {
			isa = XCConfigurationList;
			buildConfigurations = (
				BD099311287D7DFD00A60A5C /* Debug */,
				BD099312287D7DFD00A60A5C /* Release */,
			);
			defaultConfigurationIsVisible = 0;
			defaultConfigurationName = Release;
		};
		BD099313287D7DFD00A60A5C /* Build configuration list for PBXNativeTarget "Glad" */ = {
			isa = XCConfigurationList;
			buildConfigurations = (
				BD099314287D7DFD00A60A5C /* Debug */,
				BD099315287D7DFD00A60A5C /* Release */,
			);
			defaultConfigurationIsVisible = 0;
			defaultConfigurationName = Release;
		};
/* End XCConfigurationList section */
	};
	rootObject = BD099307287D7DFD00A60A5C /* Project object */;
}
