// !$*UTF8*$!
{
	archiveVersion = 1;
	classes = {
	};
	objectVersion = 55;
	objects = {

/* Begin PBXBuildFile section */
		BD87F90C287FF81F00F7F757 /* SandBoxApp.cpp in Sources */ = {isa = PBXBuildFile; fileRef = BD87F8FE287FF81F00F7F757 /* SandBoxApp.cpp */; };
		BD87F90D287FF81F00F7F757 /* SandBox2DLayer.cpp in Sources */ = {isa = PBXBuildFile; fileRef = BD87F8FF287FF81F00F7F757 /* SandBox2DLayer.cpp */; };
		BD87F90E287FF81F00F7F757 /* SandBox3D.h in Headers */ = {isa = PBXBuildFile; fileRef = BD87F900287FF81F00F7F757 /* SandBox3D.h */; };
		BD87F90F287FF81F00F7F757 /* SandBox3D.cpp in Sources */ = {isa = PBXBuildFile; fileRef = BD87F901287FF81F00F7F757 /* SandBox3D.cpp */; };
		BD87F910287FF81F00F7F757 /* SandBox2DLayer.h in Headers */ = {isa = PBXBuildFile; fileRef = BD87F902287FF81F00F7F757 /* SandBox2DLayer.h */; };
		BD87F911287FF81F00F7F757 /* main.cpp in Sources */ = {isa = PBXBuildFile; fileRef = BD87F903287FF81F00F7F757 /* main.cpp */; };
/* End PBXBuildFile section */

/* Begin PBXFileReference section */
		BD87F8E0287FF7E400F7F757 /* libSandBox.a */ = {isa = PBXFileReference; explicitFileType = archive.ar; includeInIndex = 0; path = libSandBox.a; sourceTree = BUILT_PRODUCTS_DIR; };
		BD87F8F1287FF81F00F7F757 /* imgui.ini */ = {isa = PBXFileReference; fileEncoding = 4; lastKnownFileType = text; path = imgui.ini; sourceTree = "<group>"; };
		BD87F8F2287FF81F00F7F757 /* SandBox.vcxproj */ = {isa = PBXFileReference; fileEncoding = 4; lastKnownFileType = text.xml; path = SandBox.vcxproj; sourceTree = "<group>"; };
		BD87F8F3287FF81F00F7F757 /* Sandbox.vcxproj.filters */ = {isa = PBXFileReference; fileEncoding = 4; lastKnownFileType = text.xml; path = Sandbox.vcxproj.filters; sourceTree = "<group>"; };
		BD87F8F6287FF81F00F7F757 /* Man.png */ = {isa = PBXFileReference; lastKnownFileType = image.png; path = Man.png; sourceTree = "<group>"; };
		BD87F8F7287FF81F00F7F757 /* Name.png */ = {isa = PBXFileReference; lastKnownFileType = image.png; path = Name.png; sourceTree = "<group>"; };
		BD87F8F9287FF81F00F7F757 /* Square.glsl */ = {isa = PBXFileReference; fileEncoding = 4; lastKnownFileType = text; path = Square.glsl; sourceTree = "<group>"; };
		BD87F8FA287FF81F00F7F757 /* Cube.glsl */ = {isa = PBXFileReference; fileEncoding = 4; lastKnownFileType = text; path = Cube.glsl; sourceTree = "<group>"; };
		BD87F8FB287FF81F00F7F757 /* 2DTexture.glsl */ = {isa = PBXFileReference; fileEncoding = 4; lastKnownFileType = text; path = 2DTexture.glsl; sourceTree = "<group>"; };
		BD87F8FC287FF81F00F7F757 /* Texture.glsl */ = {isa = PBXFileReference; fileEncoding = 4; lastKnownFileType = text; path = Texture.glsl; sourceTree = "<group>"; };
		BD87F8FE287FF81F00F7F757 /* SandBoxApp.cpp */ = {isa = PBXFileReference; fileEncoding = 4; lastKnownFileType = sourcecode.cpp.cpp; path = SandBoxApp.cpp; sourceTree = "<group>"; };
		BD87F8FF287FF81F00F7F757 /* SandBox2DLayer.cpp */ = {isa = PBXFileReference; fileEncoding = 4; lastKnownFileType = sourcecode.cpp.cpp; path = SandBox2DLayer.cpp; sourceTree = "<group>"; };
		BD87F900287FF81F00F7F757 /* SandBox3D.h */ = {isa = PBXFileReference; fileEncoding = 4; lastKnownFileType = sourcecode.c.h; path = SandBox3D.h; sourceTree = "<group>"; };
		BD87F901287FF81F00F7F757 /* SandBox3D.cpp */ = {isa = PBXFileReference; fileEncoding = 4; lastKnownFileType = sourcecode.cpp.cpp; path = SandBox3D.cpp; sourceTree = "<group>"; };
		BD87F902287FF81F00F7F757 /* SandBox2DLayer.h */ = {isa = PBXFileReference; fileEncoding = 4; lastKnownFileType = sourcecode.c.h; path = SandBox2DLayer.h; sourceTree = "<group>"; };
		BD87F903287FF81F00F7F757 /* main.cpp */ = {isa = PBXFileReference; fileEncoding = 4; lastKnownFileType = sourcecode.cpp.cpp; path = main.cpp; sourceTree = "<group>"; };
/* End PBXFileReference section */

/* Begin PBXFrameworksBuildPhase section */
		BD87F8DE287FF7E400F7F757 /* Frameworks */ = {
			isa = PBXFrameworksBuildPhase;
			buildActionMask = 2147483647;
			files = (
			);
			runOnlyForDeploymentPostprocessing = 0;
		};
/* End PBXFrameworksBuildPhase section */

/* Begin PBXGroup section */
		BD87F8D7287FF7E400F7F757 = {
			isa = PBXGroup;
			children = (
				BD87F8E7287FF81F00F7F757 /* SandBox */,
				BD87F8E1287FF7E400F7F757 /* Products */,
			);
			sourceTree = "<group>";
		};
		BD87F8E1287FF7E400F7F757 /* Products */ = {
			isa = PBXGroup;
			children = (
				BD87F8E0287FF7E400F7F757 /* libSandBox.a */,
			);
			name = Products;
			sourceTree = "<group>";
		};
		BD87F8E7287FF81F00F7F757 /* SandBox */ = {
			isa = PBXGroup;
			children = (
				BD87F8F1287FF81F00F7F757 /* imgui.ini */,
				BD87F8F2287FF81F00F7F757 /* SandBox.vcxproj */,
				BD87F8F3287FF81F00F7F757 /* Sandbox.vcxproj.filters */,
				BD87F8F4287FF81F00F7F757 /* assets */,
				BD87F8FD287FF81F00F7F757 /* src */,
			);
			path = SandBox;
			sourceTree = "<group>";
		};
		BD87F8F4287FF81F00F7F757 /* assets */ = {
			isa = PBXGroup;
			children = (
				BD87F8F5287FF81F00F7F757 /* textures */,
				BD87F8F8287FF81F00F7F757 /* shaders */,
			);
			path = assets;
			sourceTree = "<group>";
		};
		BD87F8F5287FF81F00F7F757 /* textures */ = {
			isa = PBXGroup;
			children = (
				BD87F8F6287FF81F00F7F757 /* Man.png */,
				BD87F8F7287FF81F00F7F757 /* Name.png */,
			);
			path = textures;
			sourceTree = "<group>";
		};
		BD87F8F8287FF81F00F7F757 /* shaders */ = {
			isa = PBXGroup;
			children = (
				BD87F8F9287FF81F00F7F757 /* Square.glsl */,
				BD87F8FA287FF81F00F7F757 /* Cube.glsl */,
				BD87F8FB287FF81F00F7F757 /* 2DTexture.glsl */,
				BD87F8FC287FF81F00F7F757 /* Texture.glsl */,
			);
			path = shaders;
			sourceTree = "<group>";
		};
		BD87F8FD287FF81F00F7F757 /* src */ = {
			isa = PBXGroup;
			children = (
				BD87F8FE287FF81F00F7F757 /* SandBoxApp.cpp */,
				BD87F901287FF81F00F7F757 /* SandBox3D.cpp */,
				BD87F900287FF81F00F7F757 /* SandBox3D.h */,
				BD87F8FF287FF81F00F7F757 /* SandBox2DLayer.cpp */,
				BD87F902287FF81F00F7F757 /* SandBox2DLayer.h */,
				BD87F903287FF81F00F7F757 /* main.cpp */,
			);
			path = src;
			sourceTree = "<group>";
		};
/* End PBXGroup section */

/* Begin PBXHeadersBuildPhase section */
		BD87F8DC287FF7E400F7F757 /* Headers */ = {
			isa = PBXHeadersBuildPhase;
			buildActionMask = 2147483647;
			files = (
				BD87F910287FF81F00F7F757 /* SandBox2DLayer.h in Headers */,
				BD87F90E287FF81F00F7F757 /* SandBox3D.h in Headers */,
			);
			runOnlyForDeploymentPostprocessing = 0;
		};
/* End PBXHeadersBuildPhase section */

/* Begin PBXNativeTarget section */
		BD87F8DF287FF7E400F7F757 /* SandBox */ = {
			isa = PBXNativeTarget;
			buildConfigurationList = BD87F8E4287FF7E400F7F757 /* Build configuration list for PBXNativeTarget "SandBox" */;
			buildPhases = (
				BD87F8DC287FF7E400F7F757 /* Headers */,
				BD87F8DD287FF7E400F7F757 /* Sources */,
				BD87F8DE287FF7E400F7F757 /* Frameworks */,
			);
			buildRules = (
			);
			dependencies = (
			);
			name = SandBox;
			productName = SandBox;
			productReference = BD87F8E0287FF7E400F7F757 /* libSandBox.a */;
			productType = "com.apple.product-type.library.static";
		};
/* End PBXNativeTarget section */

/* Begin PBXProject section */
		BD87F8D8287FF7E400F7F757 /* Project object */ = {
			isa = PBXProject;
			attributes = {
				BuildIndependentTargetsInParallel = 1;
				LastUpgradeCheck = 1340;
				TargetAttributes = {
					BD87F8DF287FF7E400F7F757 = {
						CreatedOnToolsVersion = 13.4;
					};
				};
			};
			buildConfigurationList = BD87F8DB287FF7E400F7F757 /* Build configuration list for PBXProject "SandBox" */;
			compatibilityVersion = "Xcode 13.0";
			developmentRegion = en;
			hasScannedForEncodings = 0;
			knownRegions = (
				en,
				Base,
			);
			mainGroup = BD87F8D7287FF7E400F7F757;
			productRefGroup = BD87F8E1287FF7E400F7F757 /* Products */;
			projectDirPath = "";
			projectRoot = "";
			targets = (
				BD87F8DF287FF7E400F7F757 /* SandBox */,
			);
		};
/* End PBXProject section */

/* Begin PBXSourcesBuildPhase section */
		BD87F8DD287FF7E400F7F757 /* Sources */ = {
			isa = PBXSourcesBuildPhase;
			buildActionMask = 2147483647;
			files = (
				BD87F90C287FF81F00F7F757 /* SandBoxApp.cpp in Sources */,
				BD87F90D287FF81F00F7F757 /* SandBox2DLayer.cpp in Sources */,
				BD87F90F287FF81F00F7F757 /* SandBox3D.cpp in Sources */,
				BD87F911287FF81F00F7F757 /* main.cpp in Sources */,
			);
			runOnlyForDeploymentPostprocessing = 0;
		};
/* End PBXSourcesBuildPhase section */

/* Begin XCBuildConfiguration section */
		BD87F8E2287FF7E400F7F757 /* Debug */ = {
			isa = XCBuildConfiguration;
			buildSettings = {
				ALWAYS_SEARCH_USER_PATHS = NO;
				CLANG_ANALYZER_NONNULL = YES;
				CLANG_ANALYZER_NUMBER_OBJECT_CONVERSION = YES_AGGRESSIVE;
				CLANG_CXX_LANGUAGE_STANDARD = "gnu++17";
				CLANG_ENABLE_MODULES = YES;
				CLANG_ENABLE_OBJC_ARC = YES;
				CLANG_ENABLE_OBJC_WEAK = YES;
				CLANG_WARN_BLOCK_CAPTURE_AUTORELEASING = YES;
				CLANG_WARN_BOOL_CONVERSION = YES;
				CLANG_WARN_COMMA = YES;
				CLANG_WARN_CONSTANT_CONVERSION = YES;
				CLANG_WARN_DEPRECATED_OBJC_IMPLEMENTATIONS = YES;
				CLANG_WARN_DIRECT_OBJC_ISA_USAGE = YES_ERROR;
				CLANG_WARN_DOCUMENTATION_COMMENTS = YES;
				CLANG_WARN_EMPTY_BODY = YES;
				CLANG_WARN_ENUM_CONVERSION = YES;
				CLANG_WARN_INFINITE_RECURSION = YES;
				CLANG_WARN_INT_CONVERSION = YES;
				CLANG_WARN_NON_LITERAL_NULL_CONVERSION = YES;
				CLANG_WARN_OBJC_IMPLICIT_RETAIN_SELF = YES;
				CLANG_WARN_OBJC_LITERAL_CONVERSION = YES;
				CLANG_WARN_OBJC_ROOT_CLASS = YES_ERROR;
				CLANG_WARN_QUOTED_INCLUDE_IN_FRAMEWORK_HEADER = YES;
				CLANG_WARN_RANGE_LOOP_ANALYSIS = YES;
				CLANG_WARN_STRICT_PROTOTYPES = YES;
				CLANG_WARN_SUSPICIOUS_MOVE = YES;
				CLANG_WARN_UNGUARDED_AVAILABILITY = YES_AGGRESSIVE;
				CLANG_WARN_UNREACHABLE_CODE = YES;
				CLANG_WARN__DUPLICATE_METHOD_MATCH = YES;
				COPY_PHASE_STRIP = NO;
				DEBUG_INFORMATION_FORMAT = dwarf;
				ENABLE_STRICT_OBJC_MSGSEND = YES;
				ENABLE_TESTABILITY = YES;
				GCC_C_LANGUAGE_STANDARD = gnu11;
				GCC_DYNAMIC_NO_PIC = NO;
				GCC_NO_COMMON_BLOCKS = YES;
				GCC_OPTIMIZATION_LEVEL = 0;
				GCC_PREPROCESSOR_DEFINITIONS = (
					"DEBUG=1",
					"$(inherited)",
				);
				GCC_WARN_64_TO_32_BIT_CONVERSION = YES;
				GCC_WARN_ABOUT_RETURN_TYPE = YES_ERROR;
				GCC_WARN_UNDECLARED_SELECTOR = YES;
				GCC_WARN_UNINITIALIZED_AUTOS = YES_AGGRESSIVE;
				GCC_WARN_UNUSED_FUNCTION = YES;
				GCC_WARN_UNUSED_VARIABLE = YES;
				MACOSX_DEPLOYMENT_TARGET = 12.3;
				MTL_ENABLE_DEBUG_INFO = INCLUDE_SOURCE;
				MTL_FAST_MATH = YES;
				ONLY_ACTIVE_ARCH = YES;
				SDKROOT = macosx;
			};
			name = Debug;
		};
		BD87F8E3287FF7E400F7F757 /* Release */ = {
			isa = XCBuildConfiguration;
			buildSettings = {
				ALWAYS_SEARCH_USER_PATHS = NO;
				CLANG_ANALYZER_NONNULL = YES;
				CLANG_ANALYZER_NUMBER_OBJECT_CONVERSION = YES_AGGRESSIVE;
				CLANG_CXX_LANGUAGE_STANDARD = "gnu++17";
				CLANG_ENABLE_MODULES = YES;
				CLANG_ENABLE_OBJC_ARC = YES;
				CLANG_ENABLE_OBJC_WEAK = YES;
				CLANG_WARN_BLOCK_CAPTURE_AUTORELEASING = YES;
				CLANG_WARN_BOOL_CONVERSION = YES;
				CLANG_WARN_COMMA = YES;
				CLANG_WARN_CONSTANT_CONVERSION = YES;
				CLANG_WARN_DEPRECATED_OBJC_IMPLEMENTATIONS = YES;
				CLANG_WARN_DIRECT_OBJC_ISA_USAGE = YES_ERROR;
				CLANG_WARN_DOCUMENTATION_COMMENTS = YES;
				CLANG_WARN_EMPTY_BODY = YES;
				CLANG_WARN_ENUM_CONVERSION = YES;
				CLANG_WARN_INFINITE_RECURSION = YES;
				CLANG_WARN_INT_CONVERSION = YES;
				CLANG_WARN_NON_LITERAL_NULL_CONVERSION = YES;
				CLANG_WARN_OBJC_IMPLICIT_RETAIN_SELF = YES;
				CLANG_WARN_OBJC_LITERAL_CONVERSION = YES;
				CLANG_WARN_OBJC_ROOT_CLASS = YES_ERROR;
				CLANG_WARN_QUOTED_INCLUDE_IN_FRAMEWORK_HEADER = YES;
				CLANG_WARN_RANGE_LOOP_ANALYSIS = YES;
				CLANG_WARN_STRICT_PROTOTYPES = YES;
				CLANG_WARN_SUSPICIOUS_MOVE = YES;
				CLANG_WARN_UNGUARDED_AVAILABILITY = YES_AGGRESSIVE;
				CLANG_WARN_UNREACHABLE_CODE = YES;
				CLANG_WARN__DUPLICATE_METHOD_MATCH = YES;
				COPY_PHASE_STRIP = NO;
				DEBUG_INFORMATION_FORMAT = "dwarf-with-dsym";
				ENABLE_NS_ASSERTIONS = NO;
				ENABLE_STRICT_OBJC_MSGSEND = YES;
				GCC_C_LANGUAGE_STANDARD = gnu11;
				GCC_NO_COMMON_BLOCKS = YES;
				GCC_WARN_64_TO_32_BIT_CONVERSION = YES;
				GCC_WARN_ABOUT_RETURN_TYPE = YES_ERROR;
				GCC_WARN_UNDECLARED_SELECTOR = YES;
				GCC_WARN_UNINITIALIZED_AUTOS = YES_AGGRESSIVE;
				GCC_WARN_UNUSED_FUNCTION = YES;
				GCC_WARN_UNUSED_VARIABLE = YES;
				MACOSX_DEPLOYMENT_TARGET = 12.3;
				MTL_ENABLE_DEBUG_INFO = NO;
				MTL_FAST_MATH = YES;
				SDKROOT = macosx;
			};
			name = Release;
		};
		BD87F8E5287FF7E400F7F757 /* Debug */ = {
			isa = XCBuildConfiguration;
			buildSettings = {
				CODE_SIGN_STYLE = Automatic;
				DEVELOPMENT_TEAM = 9SZ6ZLYFC3;
				EXECUTABLE_PREFIX = lib;
				HEADER_SEARCH_PATHS = (
					CanEngine/vendors/entt/src,
					CanEngine/vendors/glm,
					CanEngine/src,
					"metal-cpp-extensions",
					"metal-cpp",
					ImGui,
				);
				PRODUCT_NAME = "$(TARGET_NAME)";
				SKIP_INSTALL = YES;
			};
			name = Debug;
		};
		BD87F8E6287FF7E400F7F757 /* Release */ = {
			isa = XCBuildConfiguration;
			buildSettings = {
				CODE_SIGN_STYLE = Automatic;
				DEVELOPMENT_TEAM = 9SZ6ZLYFC3;
				EXECUTABLE_PREFIX = lib;
				HEADER_SEARCH_PATHS = (
					CanEngine/vendors/entt/src,
					CanEngine/vendors/glm,
					CanEngine/src,
					"metal-cpp-extensions",
					"metal-cpp",
					ImGui,
				);
				PRODUCT_NAME = "$(TARGET_NAME)";
				SKIP_INSTALL = YES;
			};
			name = Release;
		};
/* End XCBuildConfiguration section */

/* Begin XCConfigurationList section */
		BD87F8DB287FF7E400F7F757 /* Build configuration list for PBXProject "SandBox" */ = {
			isa = XCConfigurationList;
			buildConfigurations = (
				BD87F8E2287FF7E400F7F757 /* Debug */,
				BD87F8E3287FF7E400F7F757 /* Release */,
			);
			defaultConfigurationIsVisible = 0;
			defaultConfigurationName = Release;
		};
		BD87F8E4287FF7E400F7F757 /* Build configuration list for PBXNativeTarget "SandBox" */ = {
			isa = XCConfigurationList;
			buildConfigurations = (
				BD87F8E5287FF7E400F7F757 /* Debug */,
				BD87F8E6287FF7E400F7F757 /* Release */,
			);
			defaultConfigurationIsVisible = 0;
			defaultConfigurationName = Release;
		};
/* End XCConfigurationList section */
	};
	rootObject = BD87F8D8287FF7E400F7F757 /* Project object */;
}
